
Microsoft Visual Studio Solution File, Format Version 12.00
# Visual Studio Version 16
VisualStudioVersion = 16.0.30717.126
MinimumVisualStudioVersion = 10.0.40219.1
Project("{FAE04EC0-301F-11D3-BF4B-00C04F79EFBC}") = "HealthBridgeClinical", "HealthBridgeClinical\HealthBridgeClinical.csproj", "{4B4ED0D5-CFBF-4104-83E2-FB109B533F8D}"
EndProject
Project("{9A19103F-16F7-4668-BE54-9A1E7A4F7556}") = "HealthBridgeClinical.Models", "HealthBridgeClinical.Models\HealthBridgeClinical.Models.csproj", "{63888547-D40E-4791-9770-BE14DCE5781E}"
EndProject
Project("{9A19103F-16F7-4668-BE54-9A1E7A4F7556}") = "HealthBridgeClinical.Common", "HealthBridgeClinical.Common\HealthBridgeClinical.Common.csproj", "{55C173E9-1699-431F-87B7-6D4202C100B1}"
EndProject
Project("{9A19103F-16F7-4668-BE54-9A1E7A4F7556}") = "HealthBridgeClinical.Services", "HealthBridgeClinical.Services\HealthBridgeClinical.Services.csproj", "{B7ED58F0-8BD5-40D4-87EF-6279F7EEED29}"
EndProject
Project("{9A19103F-16F7-4668-BE54-9A1E7A4F7556}") = "HealthBridgeClinical.Services.Contracts", "HealthBridgeClinical.Services.Contracts\HealthBridgeClinical.Services.Contracts.csproj", "{ACAE0357-0533-437B-A543-98E1642C4B62}"
EndProject
Global
	GlobalSection(SolutionConfigurationPlatforms) = preSolution
		Debug|Any CPU = Debug|Any CPU
		Release|Any CPU = Release|Any CPU
	EndGlobalSection
	GlobalSection(ProjectConfigurationPlatforms) = postSolution
		{4B4ED0D5-CFBF-4104-83E2-FB109B533F8D}.Debug|Any CPU.ActiveCfg = Debug|Any CPU
		{4B4ED0D5-CFBF-4104-83E2-FB109B533F8D}.Debug|Any CPU.Build.0 = Debug|Any CPU
		{4B4ED0D5-CFBF-4104-83E2-FB109B533F8D}.Release|Any CPU.ActiveCfg = Release|Any CPU
		{4B4ED0D5-CFBF-4104-83E2-FB109B533F8D}.Release|Any CPU.Build.0 = Release|Any CPU
		{63888547-D40E-4791-9770-BE14DCE5781E}.Debug|Any CPU.ActiveCfg = Debug|Any CPU
		{63888547-D40E-4791-9770-BE14DCE5781E}.Debug|Any CPU.Build.0 = Debug|Any CPU
		{63888547-D40E-4791-9770-BE14DCE5781E}.Release|Any CPU.ActiveCfg = Release|Any CPU
		{63888547-D40E-4791-9770-BE14DCE5781E}.Release|Any CPU.Build.0 = Release|Any CPU
		{55C173E9-1699-431F-87B7-6D4202C100B1}.Debug|Any CPU.ActiveCfg = Debug|Any CPU
		{55C173E9-1699-431F-87B7-6D4202C100B1}.Debug|Any CPU.Build.0 = Debug|Any CPU
		{55C173E9-1699-431F-87B7-6D4202C100B1}.Release|Any CPU.ActiveCfg = Release|Any CPU
		{55C173E9-1699-431F-87B7-6D4202C100B1}.Release|Any CPU.Build.0 = Release|Any CPU
		{B7ED58F0-8BD5-40D4-87EF-6279F7EEED29}.Debug|Any CPU.ActiveCfg = Debug|Any CPU
		{B7ED58F0-8BD5-40D4-87EF-6279F7EEED29}.Debug|Any CPU.Build.0 = Debug|Any CPU
		{B7ED58F0-8BD5-40D4-87EF-6279F7EEED29}.Release|Any CPU.ActiveCfg = Release|Any CPU
		{B7ED58F0-8BD5-40D4-87EF-6279F7EEED29}.Release|Any CPU.Build.0 = Release|Any CPU
		{ACAE0357-0533-437B-A543-98E1642C4B62}.Debug|Any CPU.ActiveCfg = Debug|Any CPU
		{ACAE0357-0533-437B-A543-98E1642C4B62}.Debug|Any CPU.Build.0 = Debug|Any CPU
		{ACAE0357-0533-437B-A543-98E1642C4B62}.Release|Any CPU.ActiveCfg = Release|Any CPU
		{ACAE0357-0533-437B-A543-98E1642C4B62}.Release|Any CPU.Build.0 = Release|Any CPU
	EndGlobalSection
	GlobalSection(SolutionProperties) = preSolution
		HideSolutionNode = FALSE
	EndGlobalSection
	GlobalSection(ExtensibilityGlobals) = postSolution
		SolutionGuid = {A5304783-9BDB-4895-80D7-A298D278E96F}
	EndGlobalSection
EndGlobal
